// !$*UTF8*$!
{
	archiveVersion = 1;
	classes = {
	};
	objectVersion = 56;
	objects = {

/* Begin PBXBuildFile section */
		D81BE52B2A773A4F002A0E08 /* AppDelegate.swift in Sources */ = {isa = PBXBuildFile; fileRef = D81BE52A2A773A4F002A0E08 /* AppDelegate.swift */; };
		D81BE52D2A773A4F002A0E08 /* SceneDelegate.swift in Sources */ = {isa = PBXBuildFile; fileRef = D81BE52C2A773A4F002A0E08 /* SceneDelegate.swift */; };
		D81BE52F2A773A4F002A0E08 /* AddViewController.swift in Sources */ = {isa = PBXBuildFile; fileRef = D81BE52E2A773A4F002A0E08 /* AddViewController.swift */; };
		D81BE5322A773A4F002A0E08 /* Main.storyboard in Resources */ = {isa = PBXBuildFile; fileRef = D81BE5302A773A4F002A0E08 /* Main.storyboard */; };
		D81BE5342A773A50002A0E08 /* Assets.xcassets in Resources */ = {isa = PBXBuildFile; fileRef = D81BE5332A773A50002A0E08 /* Assets.xcassets */; };
		D81BE5372A773A50002A0E08 /* LaunchScreen.storyboard in Resources */ = {isa = PBXBuildFile; fileRef = D81BE5352A773A50002A0E08 /* LaunchScreen.storyboard */; };
		D81BE53F2A773AC8002A0E08 /* DiaryTableViewController.swift in Sources */ = {isa = PBXBuildFile; fileRef = D81BE53E2A773AC8002A0E08 /* DiaryTableViewController.swift */; };
		D81BE5422A773BBA002A0E08 /* DiaryTableViewCell.swift in Sources */ = {isa = PBXBuildFile; fileRef = D81BE5402A773BBA002A0E08 /* DiaryTableViewCell.swift */; };
		D81BE5432A773BBA002A0E08 /* DiaryTableViewCell.xib in Resources */ = {isa = PBXBuildFile; fileRef = D81BE5412A773BBA002A0E08 /* DiaryTableViewCell.xib */; };
		D81BE5452A775319002A0E08 /* DetailViewController.swift in Sources */ = {isa = PBXBuildFile; fileRef = D81BE5442A775319002A0E08 /* DetailViewController.swift */; };
		D873374F2A7B72B900BE6F6A /* LottoViewController.swift in Sources */ = {isa = PBXBuildFile; fileRef = D873374E2A7B72B900BE6F6A /* LottoViewController.swift */; };
		D873378E2A80804E00BE6F6A /* Alamofire in Frameworks */ = {isa = PBXBuildFile; productRef = D873378D2A80804E00BE6F6A /* Alamofire */; };
		D87337912A80805D00BE6F6A /* SwiftyJSON in Frameworks */ = {isa = PBXBuildFile; productRef = D87337902A80805D00BE6F6A /* SwiftyJSON */; };
		D8BFE8522A77625300105A6F /* Extension+UIViewController.swift in Sources */ = {isa = PBXBuildFile; fileRef = D8BFE8512A77625300105A6F /* Extension+UIViewController.swift */; };
		D8BFE8542A77795700105A6F /* SearchCollectionViewController.swift in Sources */ = {isa = PBXBuildFile; fileRef = D8BFE8532A77795700105A6F /* SearchCollectionViewController.swift */; };
		D8BFE8572A777AE000105A6F /* SearchCollectionViewCell.swift in Sources */ = {isa = PBXBuildFile; fileRef = D8BFE8552A777AE000105A6F /* SearchCollectionViewCell.swift */; };
		D8BFE8582A777AE000105A6F /* SearchCollectionViewCell.xib in Resources */ = {isa = PBXBuildFile; fileRef = D8BFE8562A777AE000105A6F /* SearchCollectionViewCell.xib */; };
		D8BFE8882A789B5800105A6F /* SettingTableViewController.swift in Sources */ = {isa = PBXBuildFile; fileRef = D8BFE8872A789B5800105A6F /* SettingTableViewController.swift */; };
		D8BFE88C2A79F23100105A6F /* TimelineViewController.swift in Sources */ = {isa = PBXBuildFile; fileRef = D8BFE88B2A79F23100105A6F /* TimelineViewController.swift */; };
/* End PBXBuildFile section */

/* Begin PBXFileReference section */
		D81BE5272A773A4F002A0E08 /* OneLineDiary.app */ = {isa = PBXFileReference; explicitFileType = wrapper.application; includeInIndex = 0; path = OneLineDiary.app; sourceTree = BUILT_PRODUCTS_DIR; };
		D81BE52A2A773A4F002A0E08 /* AppDelegate.swift */ = {isa = PBXFileReference; lastKnownFileType = sourcecode.swift; path = AppDelegate.swift; sourceTree = "<group>"; };
		D81BE52C2A773A4F002A0E08 /* SceneDelegate.swift */ = {isa = PBXFileReference; lastKnownFileType = sourcecode.swift; path = SceneDelegate.swift; sourceTree = "<group>"; };
		D81BE52E2A773A4F002A0E08 /* AddViewController.swift */ = {isa = PBXFileReference; lastKnownFileType = sourcecode.swift; path = AddViewController.swift; sourceTree = "<group>"; };
		D81BE5312A773A4F002A0E08 /* Base */ = {isa = PBXFileReference; lastKnownFileType = file.storyboard; name = Base; path = Base.lproj/Main.storyboard; sourceTree = "<group>"; };
		D81BE5332A773A50002A0E08 /* Assets.xcassets */ = {isa = PBXFileReference; lastKnownFileType = folder.assetcatalog; path = Assets.xcassets; sourceTree = "<group>"; };
		D81BE5362A773A50002A0E08 /* Base */ = {isa = PBXFileReference; lastKnownFileType = file.storyboard; name = Base; path = Base.lproj/LaunchScreen.storyboard; sourceTree = "<group>"; };
		D81BE5382A773A50002A0E08 /* Info.plist */ = {isa = PBXFileReference; lastKnownFileType = text.plist.xml; path = Info.plist; sourceTree = "<group>"; };
		D81BE53E2A773AC8002A0E08 /* DiaryTableViewController.swift */ = {isa = PBXFileReference; lastKnownFileType = sourcecode.swift; path = DiaryTableViewController.swift; sourceTree = "<group>"; };
		D81BE5402A773BBA002A0E08 /* DiaryTableViewCell.swift */ = {isa = PBXFileReference; lastKnownFileType = sourcecode.swift; path = DiaryTableViewCell.swift; sourceTree = "<group>"; };
		D81BE5412A773BBA002A0E08 /* DiaryTableViewCell.xib */ = {isa = PBXFileReference; lastKnownFileType = file.xib; path = DiaryTableViewCell.xib; sourceTree = "<group>"; };
		D81BE5442A775319002A0E08 /* DetailViewController.swift */ = {isa = PBXFileReference; lastKnownFileType = sourcecode.swift; path = DetailViewController.swift; sourceTree = SOURCE_ROOT; };
		D873374E2A7B72B900BE6F6A /* LottoViewController.swift */ = {isa = PBXFileReference; lastKnownFileType = sourcecode.swift; path = LottoViewController.swift; sourceTree = "<group>"; };
		D8BFE8512A77625300105A6F /* Extension+UIViewController.swift */ = {isa = PBXFileReference; lastKnownFileType = sourcecode.swift; path = "Extension+UIViewController.swift"; sourceTree = SOURCE_ROOT; };
		D8BFE8532A77795700105A6F /* SearchCollectionViewController.swift */ = {isa = PBXFileReference; lastKnownFileType = sourcecode.swift; path = SearchCollectionViewController.swift; sourceTree = SOURCE_ROOT; };
		D8BFE8552A777AE000105A6F /* SearchCollectionViewCell.swift */ = {isa = PBXFileReference; lastKnownFileType = sourcecode.swift; path = SearchCollectionViewCell.swift; sourceTree = "<group>"; };
		D8BFE8562A777AE000105A6F /* SearchCollectionViewCell.xib */ = {isa = PBXFileReference; lastKnownFileType = file.xib; path = SearchCollectionViewCell.xib; sourceTree = "<group>"; };
		D8BFE8872A789B5800105A6F /* SettingTableViewController.swift */ = {isa = PBXFileReference; lastKnownFileType = sourcecode.swift; path = SettingTableViewController.swift; sourceTree = "<group>"; };
		D8BFE88B2A79F23100105A6F /* TimelineViewController.swift */ = {isa = PBXFileReference; lastKnownFileType = sourcecode.swift; path = TimelineViewController.swift; sourceTree = "<group>"; };
/* End PBXFileReference section */

/* Begin PBXFrameworksBuildPhase section */
		D81BE5242A773A4F002A0E08 /* Frameworks */ = {
			isa = PBXFrameworksBuildPhase;
			buildActionMask = 2147483647;
			files = (
				D87337912A80805D00BE6F6A /* SwiftyJSON in Frameworks */,
				D873378E2A80804E00BE6F6A /* Alamofire in Frameworks */,
			);
			runOnlyForDeploymentPostprocessing = 0;
		};
/* End PBXFrameworksBuildPhase section */

/* Begin PBXGroup section */
		D81BE51E2A773A4F002A0E08 = {
			isa = PBXGroup;
			children = (
				D81BE5292A773A4F002A0E08 /* OneLineDiary */,
				D81BE5282A773A4F002A0E08 /* Products */,
			);
			sourceTree = "<group>";
		};
		D81BE5282A773A4F002A0E08 /* Products */ = {
			isa = PBXGroup;
			children = (
				D81BE5272A773A4F002A0E08 /* OneLineDiary.app */,
			);
			name = Products;
			sourceTree = "<group>";
		};
		D81BE5292A773A4F002A0E08 /* OneLineDiary */ = {
			isa = PBXGroup;
			children = (
				D8BFE8532A77795700105A6F /* SearchCollectionViewController.swift */,
				D8BFE8512A77625300105A6F /* Extension+UIViewController.swift */,
				D81BE5442A775319002A0E08 /* DetailViewController.swift */,
				D81BE52A2A773A4F002A0E08 /* AppDelegate.swift */,
				D81BE52C2A773A4F002A0E08 /* SceneDelegate.swift */,
				D81BE52E2A773A4F002A0E08 /* AddViewController.swift */,
				D81BE5302A773A4F002A0E08 /* Main.storyboard */,
				D873374E2A7B72B900BE6F6A /* LottoViewController.swift */,
				D8BFE88B2A79F23100105A6F /* TimelineViewController.swift */,
				D8BFE8872A789B5800105A6F /* SettingTableViewController.swift */,
				D8BFE8552A777AE000105A6F /* SearchCollectionViewCell.swift */,
				D8BFE8562A777AE000105A6F /* SearchCollectionViewCell.xib */,
				D81BE5402A773BBA002A0E08 /* DiaryTableViewCell.swift */,
				D81BE5412A773BBA002A0E08 /* DiaryTableViewCell.xib */,
				D81BE53E2A773AC8002A0E08 /* DiaryTableViewController.swift */,
				D81BE5332A773A50002A0E08 /* Assets.xcassets */,
				D81BE5352A773A50002A0E08 /* LaunchScreen.storyboard */,
				D81BE5382A773A50002A0E08 /* Info.plist */,
			);
			path = OneLineDiary;
			sourceTree = "<group>";
		};
/* End PBXGroup section */

/* Begin PBXNativeTarget section */
		D81BE5262A773A4F002A0E08 /* OneLineDiary */ = {
			isa = PBXNativeTarget;
			buildConfigurationList = D81BE53B2A773A50002A0E08 /* Build configuration list for PBXNativeTarget "OneLineDiary" */;
			buildPhases = (
				D81BE5232A773A4F002A0E08 /* Sources */,
				D81BE5242A773A4F002A0E08 /* Frameworks */,
				D81BE5252A773A4F002A0E08 /* Resources */,
			);
			buildRules = (
			);
			dependencies = (
			);
			name = OneLineDiary;
			packageProductDependencies = (
				D873378D2A80804E00BE6F6A /* Alamofire */,
				D87337902A80805D00BE6F6A /* SwiftyJSON */,
			);
			productName = OneLineDiary;
			productReference = D81BE5272A773A4F002A0E08 /* OneLineDiary.app */;
			productType = "com.apple.product-type.application";
		};
/* End PBXNativeTarget section */

/* Begin PBXProject section */
		D81BE51F2A773A4F002A0E08 /* Project object */ = {
			isa = PBXProject;
			attributes = {
				BuildIndependentTargetsInParallel = 1;
				LastSwiftUpdateCheck = 1430;
				LastUpgradeCheck = 1430;
				TargetAttributes = {
					D81BE5262A773A4F002A0E08 = {
						CreatedOnToolsVersion = 14.3.1;
					};
				};
			};
			buildConfigurationList = D81BE5222A773A4F002A0E08 /* Build configuration list for PBXProject "OneLineDiary" */;
			compatibilityVersion = "Xcode 14.0";
			developmentRegion = en;
			hasScannedForEncodings = 0;
			knownRegions = (
				en,
				Base,
			);
			mainGroup = D81BE51E2A773A4F002A0E08;
			packageReferences = (
				D873378C2A80804E00BE6F6A /* XCRemoteSwiftPackageReference "Alamofire" */,
				D873378F2A80805D00BE6F6A /* XCRemoteSwiftPackageReference "SwiftyJSON" */,
			);
			productRefGroup = D81BE5282A773A4F002A0E08 /* Products */;
			projectDirPath = "";
			projectRoot = "";
			targets = (
				D81BE5262A773A4F002A0E08 /* OneLineDiary */,
			);
		};
/* End PBXProject section */

/* Begin PBXResourcesBuildPhase section */
		D81BE5252A773A4F002A0E08 /* Resources */ = {
			isa = PBXResourcesBuildPhase;
			buildActionMask = 2147483647;
			files = (
				D81BE5372A773A50002A0E08 /* LaunchScreen.storyboard in Resources */,
				D81BE5342A773A50002A0E08 /* Assets.xcassets in Resources */,
				D8BFE8582A777AE000105A6F /* SearchCollectionViewCell.xib in Resources */,
				D81BE5322A773A4F002A0E08 /* Main.storyboard in Resources */,
				D81BE5432A773BBA002A0E08 /* DiaryTableViewCell.xib in Resources */,
			);
			runOnlyForDeploymentPostprocessing = 0;
		};
/* End PBXResourcesBuildPhase section */

/* Begin PBXSourcesBuildPhase section */
		D81BE5232A773A4F002A0E08 /* Sources */ = {
			isa = PBXSourcesBuildPhase;
			buildActionMask = 2147483647;
			files = (
				D8BFE8542A77795700105A6F /* SearchCollectionViewController.swift in Sources */,
				D8BFE88C2A79F23100105A6F /* TimelineViewController.swift in Sources */,
				D81BE52F2A773A4F002A0E08 /* AddViewController.swift in Sources */,
				D8BFE8522A77625300105A6F /* Extension+UIViewController.swift in Sources */,
				D81BE5422A773BBA002A0E08 /* DiaryTableViewCell.swift in Sources */,
				D8BFE8882A789B5800105A6F /* SettingTableViewController.swift in Sources */,
				D81BE53F2A773AC8002A0E08 /* DiaryTableViewController.swift in Sources */,
				D81BE5452A775319002A0E08 /* DetailViewController.swift in Sources */,
				D81BE52B2A773A4F002A0E08 /* AppDelegate.swift in Sources */,
				D873374F2A7B72B900BE6F6A /* LottoViewController.swift in Sources */,
				D81BE52D2A773A4F002A0E08 /* SceneDelegate.swift in Sources */,
				D8BFE8572A777AE000105A6F /* SearchCollectionViewCell.swift in Sources */,
			);
			runOnlyForDeploymentPostprocessing = 0;
		};
/* End PBXSourcesBuildPhase section */

/* Begin PBXVariantGroup section */
		D81BE5302A773A4F002A0E08 /* Main.storyboard */ = {
			isa = PBXVariantGroup;
			children = (
				D81BE5312A773A4F002A0E08 /* Base */,
			);
			name = Main.storyboard;
			sourceTree = "<group>";
		};
		D81BE5352A773A50002A0E08 /* LaunchScreen.storyboard */ = {
			isa = PBXVariantGroup;
			children = (
				D81BE5362A773A50002A0E08 /* Base */,
			);
			name = LaunchScreen.storyboard;
			sourceTree = "<group>";
		};
/* End PBXVariantGroup section */

/* Begin XCBuildConfiguration section */
		D81BE5392A773A50002A0E08 /* Debug */ = {
			isa = XCBuildConfiguration;
			buildSettings = {
				ALWAYS_SEARCH_USER_PATHS = NO;
				CLANG_ANALYZER_NONNULL = YES;
				CLANG_ANALYZER_NUMBER_OBJECT_CONVERSION = YES_AGGRESSIVE;
				CLANG_CXX_LANGUAGE_STANDARD = "gnu++20";
				CLANG_ENABLE_MODULES = YES;
				CLANG_ENABLE_OBJC_ARC = YES;
				CLANG_ENABLE_OBJC_WEAK = YES;
				CLANG_WARN_BLOCK_CAPTURE_AUTORELEASING = YES;
				CLANG_WARN_BOOL_CONVERSION = YES;
				CLANG_WARN_COMMA = YES;
				CLANG_WARN_CONSTANT_CONVERSION = YES;
				CLANG_WARN_DEPRECATED_OBJC_IMPLEMENTATIONS = YES;
				CLANG_WARN_DIRECT_OBJC_ISA_USAGE = YES_ERROR;
				CLANG_WARN_DOCUMENTATION_COMMENTS = YES;
				CLANG_WARN_EMPTY_BODY = YES;
				CLANG_WARN_ENUM_CONVERSION = YES;
				CLANG_WARN_INFINITE_RECURSION = YES;
				CLANG_WARN_INT_CONVERSION = YES;
				CLANG_WARN_NON_LITERAL_NULL_CONVERSION = YES;
				CLANG_WARN_OBJC_IMPLICIT_RETAIN_SELF = YES;
				CLANG_WARN_OBJC_LITERAL_CONVERSION = YES;
				CLANG_WARN_OBJC_ROOT_CLASS = YES_ERROR;
				CLANG_WARN_QUOTED_INCLUDE_IN_FRAMEWORK_HEADER = YES;
				CLANG_WARN_RANGE_LOOP_ANALYSIS = YES;
				CLANG_WARN_STRICT_PROTOTYPES = YES;
				CLANG_WARN_SUSPICIOUS_MOVE = YES;
				CLANG_WARN_UNGUARDED_AVAILABILITY = YES_AGGRESSIVE;
				CLANG_WARN_UNREACHABLE_CODE = YES;
				CLANG_WARN__DUPLICATE_METHOD_MATCH = YES;
				COPY_PHASE_STRIP = NO;
				DEBUG_INFORMATION_FORMAT = dwarf;
				ENABLE_STRICT_OBJC_MSGSEND = YES;
				ENABLE_TESTABILITY = YES;
				GCC_C_LANGUAGE_STANDARD = gnu11;
				GCC_DYNAMIC_NO_PIC = NO;
				GCC_NO_COMMON_BLOCKS = YES;
				GCC_OPTIMIZATION_LEVEL = 0;
				GCC_PREPROCESSOR_DEFINITIONS = (
					"DEBUG=1",
					"$(inherited)",
				);
				GCC_WARN_64_TO_32_BIT_CONVERSION = YES;
				GCC_WARN_ABOUT_RETURN_TYPE = YES_ERROR;
				GCC_WARN_UNDECLARED_SELECTOR = YES;
				GCC_WARN_UNINITIALIZED_AUTOS = YES_AGGRESSIVE;
				GCC_WARN_UNUSED_FUNCTION = YES;
				GCC_WARN_UNUSED_VARIABLE = YES;
				IPHONEOS_DEPLOYMENT_TARGET = 16.4;
				MTL_ENABLE_DEBUG_INFO = INCLUDE_SOURCE;
				MTL_FAST_MATH = YES;
				ONLY_ACTIVE_ARCH = YES;
				SDKROOT = iphoneos;
				SWIFT_ACTIVE_COMPILATION_CONDITIONS = DEBUG;
				SWIFT_OPTIMIZATION_LEVEL = "-Onone";
			};
			name = Debug;
		};
		D81BE53A2A773A50002A0E08 /* Release */ = {
			isa = XCBuildConfiguration;
			buildSettings = {
				ALWAYS_SEARCH_USER_PATHS = NO;
				CLANG_ANALYZER_NONNULL = YES;
				CLANG_ANALYZER_NUMBER_OBJECT_CONVERSION = YES_AGGRESSIVE;
				CLANG_CXX_LANGUAGE_STANDARD = "gnu++20";
				CLANG_ENABLE_MODULES = YES;
				CLANG_ENABLE_OBJC_ARC = YES;
				CLANG_ENABLE_OBJC_WEAK = YES;
				CLANG_WARN_BLOCK_CAPTURE_AUTORELEASING = YES;
				CLANG_WARN_BOOL_CONVERSION = YES;
				CLANG_WARN_COMMA = YES;
				CLANG_WARN_CONSTANT_CONVERSION = YES;
				CLANG_WARN_DEPRECATED_OBJC_IMPLEMENTATIONS = YES;
				CLANG_WARN_DIRECT_OBJC_ISA_USAGE = YES_ERROR;
				CLANG_WARN_DOCUMENTATION_COMMENTS = YES;
				CLANG_WARN_EMPTY_BODY = YES;
				CLANG_WARN_ENUM_CONVERSION = YES;
				CLANG_WARN_INFINITE_RECURSION = YES;
				CLANG_WARN_INT_CONVERSION = YES;
				CLANG_WARN_NON_LITERAL_NULL_CONVERSION = YES;
				CLANG_WARN_OBJC_IMPLICIT_RETAIN_SELF = YES;
				CLANG_WARN_OBJC_LITERAL_CONVERSION = YES;
				CLANG_WARN_OBJC_ROOT_CLASS = YES_ERROR;
				CLANG_WARN_QUOTED_INCLUDE_IN_FRAMEWORK_HEADER = YES;
				CLANG_WARN_RANGE_LOOP_ANALYSIS = YES;
				CLANG_WARN_STRICT_PROTOTYPES = YES;
				CLANG_WARN_SUSPICIOUS_MOVE = YES;
				CLANG_WARN_UNGUARDED_AVAILABILITY = YES_AGGRESSIVE;
				CLANG_WARN_UNREACHABLE_CODE = YES;
				CLANG_WARN__DUPLICATE_METHOD_MATCH = YES;
				COPY_PHASE_STRIP = NO;
				DEBUG_INFORMATION_FORMAT = "dwarf-with-dsym";
				ENABLE_NS_ASSERTIONS = NO;
				ENABLE_STRICT_OBJC_MSGSEND = YES;
				GCC_C_LANGUAGE_STANDARD = gnu11;
				GCC_NO_COMMON_BLOCKS = YES;
				GCC_WARN_64_TO_32_BIT_CONVERSION = YES;
				GCC_WARN_ABOUT_RETURN_TYPE = YES_ERROR;
				GCC_WARN_UNDECLARED_SELECTOR = YES;
				GCC_WARN_UNINITIALIZED_AUTOS = YES_AGGRESSIVE;
				GCC_WARN_UNUSED_FUNCTION = YES;
				GCC_WARN_UNUSED_VARIABLE = YES;
				IPHONEOS_DEPLOYMENT_TARGET = 16.4;
				MTL_ENABLE_DEBUG_INFO = NO;
				MTL_FAST_MATH = YES;
				SDKROOT = iphoneos;
				SWIFT_COMPILATION_MODE = wholemodule;
				SWIFT_OPTIMIZATION_LEVEL = "-O";
				VALIDATE_PRODUCT = YES;
			};
			name = Release;
		};
		D81BE53C2A773A50002A0E08 /* Debug */ = {
			isa = XCBuildConfiguration;
			buildSettings = {
				ASSETCATALOG_COMPILER_APPICON_NAME = AppIcon;
				ASSETCATALOG_COMPILER_GLOBAL_ACCENT_COLOR_NAME = AccentColor;
				CODE_SIGN_STYLE = Automatic;
				CURRENT_PROJECT_VERSION = 1;
				DEVELOPMENT_TEAM = AM9D6522QR;
				GENERATE_INFOPLIST_FILE = YES;
				INFOPLIST_FILE = OneLineDiary/Info.plist;
				INFOPLIST_KEY_UIApplicationSupportsIndirectInputEvents = YES;
				INFOPLIST_KEY_UILaunchStoryboardName = LaunchScreen;
				INFOPLIST_KEY_UIMainStoryboardFile = Main;
				INFOPLIST_KEY_UISupportedInterfaceOrientations_iPad = "UIInterfaceOrientationPortrait UIInterfaceOrientationPortraitUpsideDown UIInterfaceOrientationLandscapeLeft UIInterfaceOrientationLandscapeRight";
				INFOPLIST_KEY_UISupportedInterfaceOrientations_iPhone = "UIInterfaceOrientationPortrait UIInterfaceOrientationLandscapeLeft UIInterfaceOrientationLandscapeRight";
				LD_RUNPATH_SEARCH_PATHS = (
					"$(inherited)",
					"@executable_path/Frameworks",
				);
				MARKETING_VERSION = 1.0;
				PRODUCT_BUNDLE_IDENTIFIER = com.Sun.OneLineDiary;
				PRODUCT_NAME = "$(TARGET_NAME)";
				SWIFT_EMIT_LOC_STRINGS = YES;
				SWIFT_VERSION = 5.0;
				TARGETED_DEVICE_FAMILY = "1,2";
			};
			name = Debug;
		};
		D81BE53D2A773A50002A0E08 /* Release */ = {
			isa = XCBuildConfiguration;
			buildSettings = {
				ASSETCATALOG_COMPILER_APPICON_NAME = AppIcon;
				ASSETCATALOG_COMPILER_GLOBAL_ACCENT_COLOR_NAME = AccentColor;
				CODE_SIGN_STYLE = Automatic;
				CURRENT_PROJECT_VERSION = 1;
				DEVELOPMENT_TEAM = AM9D6522QR;
				GENERATE_INFOPLIST_FILE = YES;
				INFOPLIST_FILE = OneLineDiary/Info.plist;
				INFOPLIST_KEY_UIApplicationSupportsIndirectInputEvents = YES;
				INFOPLIST_KEY_UILaunchStoryboardName = LaunchScreen;
				INFOPLIST_KEY_UIMainStoryboardFile = Main;
				INFOPLIST_KEY_UISupportedInterfaceOrientations_iPad = "UIInterfaceOrientationPortrait UIInterfaceOrientationPortraitUpsideDown UIInterfaceOrientationLandscapeLeft UIInterfaceOrientationLandscapeRight";
				INFOPLIST_KEY_UISupportedInterfaceOrientations_iPhone = "UIInterfaceOrientationPortrait UIInterfaceOrientationLandscapeLeft UIInterfaceOrientationLandscapeRight";
				LD_RUNPATH_SEARCH_PATHS = (
					"$(inherited)",
					"@executable_path/Frameworks",
				);
				MARKETING_VERSION = 1.0;
				PRODUCT_BUNDLE_IDENTIFIER = com.Sun.OneLineDiary;
				PRODUCT_NAME = "$(TARGET_NAME)";
				SWIFT_EMIT_LOC_STRINGS = YES;
				SWIFT_VERSION = 5.0;
				TARGETED_DEVICE_FAMILY = "1,2";
			};
			name = Release;
		};
/* End XCBuildConfiguration section */

/* Begin XCConfigurationList section */
		D81BE5222A773A4F002A0E08 /* Build configuration list for PBXProject "OneLineDiary" */ = {
			isa = XCConfigurationList;
			buildConfigurations = (
				D81BE5392A773A50002A0E08 /* Debug */,
				D81BE53A2A773A50002A0E08 /* Release */,
			);
			defaultConfigurationIsVisible = 0;
			defaultConfigurationName = Release;
		};
		D81BE53B2A773A50002A0E08 /* Build configuration list for PBXNativeTarget "OneLineDiary" */ = {
			isa = XCConfigurationList;
			buildConfigurations = (
				D81BE53C2A773A50002A0E08 /* Debug */,
				D81BE53D2A773A50002A0E08 /* Release */,
			);
			defaultConfigurationIsVisible = 0;
			defaultConfigurationName = Release;
		};
/* End XCConfigurationList section */

/* Begin XCRemoteSwiftPackageReference section */
		D873378C2A80804E00BE6F6A /* XCRemoteSwiftPackageReference "Alamofire" */ = {
			isa = XCRemoteSwiftPackageReference;
			repositoryURL = "https://github.com/Alamofire/Alamofire";
			requirement = {
				kind = upToNextMajorVersion;
				minimumVersion = 5.0.0;
			};
		};
		D873378F2A80805D00BE6F6A /* XCRemoteSwiftPackageReference "SwiftyJSON" */ = {
			isa = XCRemoteSwiftPackageReference;
			repositoryURL = "https://github.com/SwiftyJSON/SwiftyJSON";
			requirement = {
				kind = upToNextMajorVersion;
				minimumVersion = 5.0.0;
			};
		};
/* End XCRemoteSwiftPackageReference section */

/* Begin XCSwiftPackageProductDependency section */
		D873378D2A80804E00BE6F6A /* Alamofire */ = {
			isa = XCSwiftPackageProductDependency;
			package = D873378C2A80804E00BE6F6A /* XCRemoteSwiftPackageReference "Alamofire" */;
			productName = Alamofire;
		};
		D87337902A80805D00BE6F6A /* SwiftyJSON */ = {
			isa = XCSwiftPackageProductDependency;
			package = D873378F2A80805D00BE6F6A /* XCRemoteSwiftPackageReference "SwiftyJSON" */;
			productName = SwiftyJSON;
		};
/* End XCSwiftPackageProductDependency section */
	};
	rootObject = D81BE51F2A773A4F002A0E08 /* Project object */;
}
